
Microsoft Visual Studio Solution File, Format Version 12.00
# Visual Studio 14
VisualStudioVersion = 14.0.25420.1
MinimumVisualStudioVersion = 10.0.40219.1
Project("{FAE04EC0-301F-11D3-BF4B-00C04F79EFBC}") = "WindowsFormsTrader2016", "WindowsFormsTrader2016\WindowsFormsTrader2016.csproj", "{644C9682-8566-4997-BB09-6DFA97270FCA}"
EndProject
Global
	GlobalSection(SolutionConfigurationPlatforms) = preSolution
		Debug|Any CPU = Debug|Any CPU
		Release|Any CPU = Release|Any CPU
	EndGlobalSection
	GlobalSection(ProjectConfigurationPlatforms) = postSolution
		{644C9682-8566-4997-BB09-6DFA97270FCA}.Debug|Any CPU.ActiveCfg = Debug|Any CPU
		{644C9682-8566-4997-BB09-6DFA97270FCA}.Debug|Any CPU.Build.0 = Debug|Any CPU
		{644C9682-8566-4997-BB09-6DFA97270FCA}.Release|Any CPU.ActiveCfg = Release|Any CPU
		{644C9682-8566-4997-BB09-6DFA97270FCA}.Release|Any CPU.Build.0 = Release|Any CPU
	EndGlobalSection
	GlobalSection(SolutionProperties) = preSolution
		HideSolutionNode = FALSE
	EndGlobalSection
EndGlobal
